
Microsoft Visual Studio Solution File, Format Version 12.00
# Visual Studio Version 16
VisualStudioVersion = 16.0.33927.289
MinimumVisualStudioVersion = 10.0.40219.1
Project("{2150E333-8FDC-42A3-9474-1A3956D46DE8}") = "Task0", "Task0", "{280855D9-5B91-40FF-939E-6B5E35C108A0}"
EndProject
Project("{FAE04EC0-301F-11D3-BF4B-00C04F79EFBC}") = "Tyuiu.ZargarovAA.Sprint6.Task0.V19.Lib", "Tyuiu.ZargarovAA.Sprint6.Task0.V19.Lib\Tyuiu.ZargarovAA.Sprint6.Task0.V19.Lib.csproj", "{0E922562-6954-46B8-B7D6-381BF8166CF0}"
EndProject
Project("{FAE04EC0-301F-11D3-BF4B-00C04F79EFBC}") = "Tyuiu.ZargarovAA.Sprint6.Task0.V19.Test", "Tyuiu.ZargarovAA.Sprint6.Task0.V19.Test\Tyuiu.ZargarovAA.Sprint6.Task0.V19.Test.csproj", "{DA027DE7-501B-4CE2-8C11-3EB039870100}"
EndProject
Project("{FAE04EC0-301F-11D3-BF4B-00C04F79EFBC}") = "Tyuiu.ZargarovAA.Sprint6.Task0.V19", "Tyuiu.ZargarovAA.Sprint6.Task0.V19\Tyuiu.ZargarovAA.Sprint6.Task0.V19.csproj", "{6D57DD63-1C50-4A28-8204-61B97AAA0DF8}"
EndProject
Project("{2150E333-8FDC-42A3-9474-1A3956D46DE8}") = "Task1", "Task1", "{5E32950F-2B99-40F1-B474-BB5109259BB6}"
EndProject
Project("{FAE04EC0-301F-11D3-BF4B-00C04F79EFBC}") = "Tyuiu.ZargarovAA.Sprint6.Task1.V22.Lib", "Tyuiu.ZargarovAA.Sprint6.Task1.V22.Lib\Tyuiu.ZargarovAA.Sprint6.Task1.V22.Lib.csproj", "{9104F663-BE84-4D05-A35E-3C5AFEB400BA}"
EndProject
Project("{FAE04EC0-301F-11D3-BF4B-00C04F79EFBC}") = "Tyuiu.ZargarovAA.Sprint6.Task1.V22.Test", "Tyuiu.ZargarovAA.Sprint6.Task1.V22.Test\Tyuiu.ZargarovAA.Sprint6.Task1.V22.Test.csproj", "{CC5E7EB1-2C43-4FA6-9C29-C0BDC07F761D}"
EndProject
Project("{FAE04EC0-301F-11D3-BF4B-00C04F79EFBC}") = "Tyuiu.ZargarovAA.Sprint6.Task1.V22", "Tyuiu.ZargarovAA.Sprint6.Task1.V22\Tyuiu.ZargarovAA.Sprint6.Task1.V22.csproj", "{13D4ED4C-9C96-4136-B1E6-164C120E9F86}"
EndProject
Project("{2150E333-8FDC-42A3-9474-1A3956D46DE8}") = "Task2", "Task2", "{FEBD9AA1-BD2A-4895-93A3-1A3F8FD87D6E}"
EndProject
Project("{FAE04EC0-301F-11D3-BF4B-00C04F79EFBC}") = "Tyuiu.ZargarovAA.Sprint6.Task2.V4.Lib", "Tyuiu.ZargarovAA.Sprint6.Task2.V4.Lib\Tyuiu.ZargarovAA.Sprint6.Task2.V4.Lib.csproj", "{0E00C233-944D-4FE9-8604-EFFD52E47C37}"
EndProject
Project("{FAE04EC0-301F-11D3-BF4B-00C04F79EFBC}") = "Tyuiu.ZargarovAA.Sprint6.Task2.V4.Test", "Tyuiu.ZargarovAA.Sprint6.Task2.V4.Test\Tyuiu.ZargarovAA.Sprint6.Task2.V4.Test.csproj", "{4B5E3DA6-D743-4476-A804-39F2E0904C00}"
EndProject
Project("{FAE04EC0-301F-11D3-BF4B-00C04F79EFBC}") = "Tyuiu.ZargarovAA.Sprint6.Task2.V4", "Tyuiu.ZargarovAA.Sprint6.Task2.V4\Tyuiu.ZargarovAA.Sprint6.Task2.V4.csproj", "{BDAF1679-0A1B-4477-A192-9C9E1368C357}"
EndProject
Project("{2150E333-8FDC-42A3-9474-1A3956D46DE8}") = "Task3", "Task3", "{A46F8C67-EA3D-4AD6-9F2F-897AA07D6407}"
EndProject
Project("{FAE04EC0-301F-11D3-BF4B-00C04F79EFBC}") = "Tyuiu.ZargarovAA.Sprint6.Task3.V25.Lib", "Tyuiu.ZargarovAA.Sprint6.Task3.V25.Lib\Tyuiu.ZargarovAA.Sprint6.Task3.V25.Lib.csproj", "{EEBD952E-7196-46FD-88A3-55334C12E7D8}"
EndProject
Project("{FAE04EC0-301F-11D3-BF4B-00C04F79EFBC}") = "Tyuiu.ZargarovAA.Sprint6.Task3.V25.Test", "Tyuiu.ZargarovAA.Sprint6.Task3.V25.Test\Tyuiu.ZargarovAA.Sprint6.Task3.V25.Test.csproj", "{F4087E73-B054-489A-9BC7-222574EF01FC}"
EndProject
Project("{FAE04EC0-301F-11D3-BF4B-00C04F79EFBC}") = "Tyuiu.ZargarovAA.Sprint6.Task3.V25", "Tyuiu.ZargarovAA.Sprint6.Task3.V25\Tyuiu.ZargarovAA.Sprint6.Task3.V25.csproj", "{AF986F8F-6187-46C4-8203-604FC522033D}"
EndProject
Project("{2150E333-8FDC-42A3-9474-1A3956D46DE8}") = "Task4", "Task4", "{1AF56EA5-51CA-4C69-9035-049547B3C98F}"
EndProject
Project("{2150E333-8FDC-42A3-9474-1A3956D46DE8}") = "Task5", "Task5", "{DA10FCDC-54A6-468B-AB8C-F0B688BEE0B0}"
EndProject
Project("{2150E333-8FDC-42A3-9474-1A3956D46DE8}") = "Task6", "Task6", "{0C578812-006A-4957-8910-396094F2361A}"
EndProject
Project("{2150E333-8FDC-42A3-9474-1A3956D46DE8}") = "Task7", "Task7", "{724971A3-0DED-4DA5-B654-7E088E2863D8}"
EndProject
Project("{FAE04EC0-301F-11D3-BF4B-00C04F79EFBC}") = "Tyuiu.ZargarovAA.Sprint6.Task4.V16.Lib", "Tyuiu.ZargarovAA.Sprint6.Task4.V16.Lib\Tyuiu.ZargarovAA.Sprint6.Task4.V16.Lib.csproj", "{E8E12B83-D55B-4C69-A665-9A4F2B30B323}"
EndProject
Project("{FAE04EC0-301F-11D3-BF4B-00C04F79EFBC}") = "Tyuiu.ZargarovAA.Sprint6.Task4.V16.Test", "Tyuiu.ZargarovAA.Sprint6.Task4.V16.Test\Tyuiu.ZargarovAA.Sprint6.Task4.V16.Test.csproj", "{F60088C8-050C-4909-8D89-CB48C312CDE8}"
EndProject
Project("{FAE04EC0-301F-11D3-BF4B-00C04F79EFBC}") = "Tyuiu.ZargarovAA.Sprint6.Task4.V16", "Tyuiu.ZargarovAA.Sprint6.Task4.V16\Tyuiu.ZargarovAA.Sprint6.Task4.V16.csproj", "{4132ACD2-5262-4249-9C5B-C681BE227D7D}"
EndProject
Project("{FAE04EC0-301F-11D3-BF4B-00C04F79EFBC}") = "Tyuiu.ZargarovAA.Sprint6.Task6.V29.Lib", "Tyuiu.ZargarovaAA.Sprint6.Task6.V29.Lib\Tyuiu.ZargarovAA.Sprint6.Task6.V29.Lib.csproj", "{8E2427DD-4D56-438A-868E-131A526DACF5}"
EndProject
Project("{FAE04EC0-301F-11D3-BF4B-00C04F79EFBC}") = "Tyuiu.ZargarovAA.Sprint6.Task6.V29.Test", "Tyuiu.ZargarovaAA.Sprint6.Task6.V29.Test\Tyuiu.ZargarovAA.Sprint6.Task6.V29.Test.csproj", "{4DD1E9DE-B95A-430D-B110-664437D4DBEB}"
EndProject
Project("{FAE04EC0-301F-11D3-BF4B-00C04F79EFBC}") = "Tyuiu.ZargarovAA.Sprint6.Task6.V29", "Tyuiu.ZargarovaAA.Sprint6.Task6.V29\Tyuiu.ZargarovAA.Sprint6.Task6.V29.csproj", "{1871E8C2-D9E4-4362-B5FC-032850C5D26F}"
EndProject
Project("{FAE04EC0-301F-11D3-BF4B-00C04F79EFBC}") = "Tyuiu.ZargarovAA.Sprint6.Task5.V24.Lib", "Tyuiu.ZargarovAA.Sprint6.Task5.V24.Lib\Tyuiu.ZargarovAA.Sprint6.Task5.V24.Lib.csproj", "{0426CEF3-D023-496E-BA86-DEA2D66E80A9}"
EndProject
Project("{FAE04EC0-301F-11D3-BF4B-00C04F79EFBC}") = "Tyuiu.ZargarovAA.Sprint6.Task5.V24.Test", "Tyuiu.ZargarovAA.Sprint6.Task5.V24.Test\Tyuiu.ZargarovAA.Sprint6.Task5.V24.Test.csproj", "{33172528-5BFB-4146-BD24-0C5272707588}"
EndProject
Project("{FAE04EC0-301F-11D3-BF4B-00C04F79EFBC}") = "Tyuiu.ZargarovAA.Sprint6.Task5.V24", "Tyuiu.ZargarovAA.Sprint6.Task5.V24\Tyuiu.ZargarovAA.Sprint6.Task5.V24.csproj", "{F7839900-22CD-4488-A5B9-93DAC79500D7}"
EndProject
Project("{FAE04EC0-301F-11D3-BF4B-00C04F79EFBC}") = "Tyuiu.ZargarovAA.Sprint6.Task7.V28.Lib", "Tyuiu.ZargarovAA.Sprint6.Task7.V28.Lib\Tyuiu.ZargarovAA.Sprint6.Task7.V28.Lib.csproj", "{19C96953-5228-4774-9352-6EDFEEFF1B06}"
EndProject
Project("{FAE04EC0-301F-11D3-BF4B-00C04F79EFBC}") = "Tyuiu.ZargarovAA.Sprint6.Task7.V28.Test", "Tyuiu.ZargarovAA.Sprint6.Task7.V28.Test\Tyuiu.ZargarovAA.Sprint6.Task7.V28.Test.csproj", "{AF92F977-DB48-4994-BC44-B164B96CC428}"
EndProject
Project("{FAE04EC0-301F-11D3-BF4B-00C04F79EFBC}") = "Tyuiu.ZargarovAA.Sprint6.Task7.V28", "Tyuiu.ZargarovAA.Sprint6.Task7.V28\Tyuiu.ZargarovAA.Sprint6.Task7.V28.csproj", "{0AF9DB2C-C3A9-447E-8854-BA42793E03FF}"
EndProject
Global
	GlobalSection(SolutionConfigurationPlatforms) = preSolution
		Debug|Any CPU = Debug|Any CPU
		Release|Any CPU = Release|Any CPU
	EndGlobalSection
	GlobalSection(ProjectConfigurationPlatforms) = postSolution
		{0E922562-6954-46B8-B7D6-381BF8166CF0}.Debug|Any CPU.ActiveCfg = Debug|Any CPU
		{0E922562-6954-46B8-B7D6-381BF8166CF0}.Debug|Any CPU.Build.0 = Debug|Any CPU
		{0E922562-6954-46B8-B7D6-381BF8166CF0}.Release|Any CPU.ActiveCfg = Release|Any CPU
		{0E922562-6954-46B8-B7D6-381BF8166CF0}.Release|Any CPU.Build.0 = Release|Any CPU
		{DA027DE7-501B-4CE2-8C11-3EB039870100}.Debug|Any CPU.ActiveCfg = Debug|Any CPU
		{DA027DE7-501B-4CE2-8C11-3EB039870100}.Debug|Any CPU.Build.0 = Debug|Any CPU
		{DA027DE7-501B-4CE2-8C11-3EB039870100}.Release|Any CPU.ActiveCfg = Release|Any CPU
		{DA027DE7-501B-4CE2-8C11-3EB039870100}.Release|Any CPU.Build.0 = Release|Any CPU
		{6D57DD63-1C50-4A28-8204-61B97AAA0DF8}.Debug|Any CPU.ActiveCfg = Debug|Any CPU
		{6D57DD63-1C50-4A28-8204-61B97AAA0DF8}.Debug|Any CPU.Build.0 = Debug|Any CPU
		{6D57DD63-1C50-4A28-8204-61B97AAA0DF8}.Release|Any CPU.ActiveCfg = Release|Any CPU
		{6D57DD63-1C50-4A28-8204-61B97AAA0DF8}.Release|Any CPU.Build.0 = Release|Any CPU
		{9104F663-BE84-4D05-A35E-3C5AFEB400BA}.Debug|Any CPU.ActiveCfg = Debug|Any CPU
		{9104F663-BE84-4D05-A35E-3C5AFEB400BA}.Debug|Any CPU.Build.0 = Debug|Any CPU
		{9104F663-BE84-4D05-A35E-3C5AFEB400BA}.Release|Any CPU.ActiveCfg = Release|Any CPU
		{9104F663-BE84-4D05-A35E-3C5AFEB400BA}.Release|Any CPU.Build.0 = Release|Any CPU
		{CC5E7EB1-2C43-4FA6-9C29-C0BDC07F761D}.Debug|Any CPU.ActiveCfg = Debug|Any CPU
		{CC5E7EB1-2C43-4FA6-9C29-C0BDC07F761D}.Debug|Any CPU.Build.0 = Debug|Any CPU
		{CC5E7EB1-2C43-4FA6-9C29-C0BDC07F761D}.Release|Any CPU.ActiveCfg = Release|Any CPU
		{CC5E7EB1-2C43-4FA6-9C29-C0BDC07F761D}.Release|Any CPU.Build.0 = Release|Any CPU
		{13D4ED4C-9C96-4136-B1E6-164C120E9F86}.Debug|Any CPU.ActiveCfg = Debug|Any CPU
		{13D4ED4C-9C96-4136-B1E6-164C120E9F86}.Debug|Any CPU.Build.0 = Debug|Any CPU
		{13D4ED4C-9C96-4136-B1E6-164C120E9F86}.Release|Any CPU.ActiveCfg = Release|Any CPU
		{13D4ED4C-9C96-4136-B1E6-164C120E9F86}.Release|Any CPU.Build.0 = Release|Any CPU
		{0E00C233-944D-4FE9-8604-EFFD52E47C37}.Debug|Any CPU.ActiveCfg = Debug|Any CPU
		{0E00C233-944D-4FE9-8604-EFFD52E47C37}.Debug|Any CPU.Build.0 = Debug|Any CPU
		{0E00C233-944D-4FE9-8604-EFFD52E47C37}.Release|Any CPU.ActiveCfg = Release|Any CPU
		{0E00C233-944D-4FE9-8604-EFFD52E47C37}.Release|Any CPU.Build.0 = Release|Any CPU
		{4B5E3DA6-D743-4476-A804-39F2E0904C00}.Debug|Any CPU.ActiveCfg = Debug|Any CPU
		{4B5E3DA6-D743-4476-A804-39F2E0904C00}.Debug|Any CPU.Build.0 = Debug|Any CPU
		{4B5E3DA6-D743-4476-A804-39F2E0904C00}.Release|Any CPU.ActiveCfg = Release|Any CPU
		{4B5E3DA6-D743-4476-A804-39F2E0904C00}.Release|Any CPU.Build.0 = Release|Any CPU
		{BDAF1679-0A1B-4477-A192-9C9E1368C357}.Debug|Any CPU.ActiveCfg = Debug|Any CPU
		{BDAF1679-0A1B-4477-A192-9C9E1368C357}.Debug|Any CPU.Build.0 = Debug|Any CPU
		{BDAF1679-0A1B-4477-A192-9C9E1368C357}.Release|Any CPU.ActiveCfg = Release|Any CPU
		{BDAF1679-0A1B-4477-A192-9C9E1368C357}.Release|Any CPU.Build.0 = Release|Any CPU
		{EEBD952E-7196-46FD-88A3-55334C12E7D8}.Debug|Any CPU.ActiveCfg = Debug|Any CPU
		{EEBD952E-7196-46FD-88A3-55334C12E7D8}.Debug|Any CPU.Build.0 = Debug|Any CPU
		{EEBD952E-7196-46FD-88A3-55334C12E7D8}.Release|Any CPU.ActiveCfg = Release|Any CPU
		{EEBD952E-7196-46FD-88A3-55334C12E7D8}.Release|Any CPU.Build.0 = Release|Any CPU
		{F4087E73-B054-489A-9BC7-222574EF01FC}.Debug|Any CPU.ActiveCfg = Debug|Any CPU
		{F4087E73-B054-489A-9BC7-222574EF01FC}.Debug|Any CPU.Build.0 = Debug|Any CPU
		{F4087E73-B054-489A-9BC7-222574EF01FC}.Release|Any CPU.ActiveCfg = Release|Any CPU
		{F4087E73-B054-489A-9BC7-222574EF01FC}.Release|Any CPU.Build.0 = Release|Any CPU
		{AF986F8F-6187-46C4-8203-604FC522033D}.Debug|Any CPU.ActiveCfg = Debug|Any CPU
		{AF986F8F-6187-46C4-8203-604FC522033D}.Debug|Any CPU.Build.0 = Debug|Any CPU
		{AF986F8F-6187-46C4-8203-604FC522033D}.Release|Any CPU.ActiveCfg = Release|Any CPU
		{AF986F8F-6187-46C4-8203-604FC522033D}.Release|Any CPU.Build.0 = Release|Any CPU
		{E8E12B83-D55B-4C69-A665-9A4F2B30B323}.Debug|Any CPU.ActiveCfg = Debug|Any CPU
		{E8E12B83-D55B-4C69-A665-9A4F2B30B323}.Debug|Any CPU.Build.0 = Debug|Any CPU
		{E8E12B83-D55B-4C69-A665-9A4F2B30B323}.Release|Any CPU.ActiveCfg = Release|Any CPU
		{E8E12B83-D55B-4C69-A665-9A4F2B30B323}.Release|Any CPU.Build.0 = Release|Any CPU
		{F60088C8-050C-4909-8D89-CB48C312CDE8}.Debug|Any CPU.ActiveCfg = Debug|Any CPU
		{F60088C8-050C-4909-8D89-CB48C312CDE8}.Debug|Any CPU.Build.0 = Debug|Any CPU
		{F60088C8-050C-4909-8D89-CB48C312CDE8}.Release|Any CPU.ActiveCfg = Release|Any CPU
		{F60088C8-050C-4909-8D89-CB48C312CDE8}.Release|Any CPU.Build.0 = Release|Any CPU
		{4132ACD2-5262-4249-9C5B-C681BE227D7D}.Debug|Any CPU.ActiveCfg = Debug|Any CPU
		{4132ACD2-5262-4249-9C5B-C681BE227D7D}.Debug|Any CPU.Build.0 = Debug|Any CPU
		{4132ACD2-5262-4249-9C5B-C681BE227D7D}.Release|Any CPU.ActiveCfg = Release|Any CPU
		{4132ACD2-5262-4249-9C5B-C681BE227D7D}.Release|Any CPU.Build.0 = Release|Any CPU
		{8E2427DD-4D56-438A-868E-131A526DACF5}.Debug|Any CPU.ActiveCfg = Debug|Any CPU
		{8E2427DD-4D56-438A-868E-131A526DACF5}.Debug|Any CPU.Build.0 = Debug|Any CPU
		{8E2427DD-4D56-438A-868E-131A526DACF5}.Release|Any CPU.ActiveCfg = Release|Any CPU
		{8E2427DD-4D56-438A-868E-131A526DACF5}.Release|Any CPU.Build.0 = Release|Any CPU
		{4DD1E9DE-B95A-430D-B110-664437D4DBEB}.Debug|Any CPU.ActiveCfg = Debug|Any CPU
		{4DD1E9DE-B95A-430D-B110-664437D4DBEB}.Debug|Any CPU.Build.0 = Debug|Any CPU
		{4DD1E9DE-B95A-430D-B110-664437D4DBEB}.Release|Any CPU.ActiveCfg = Release|Any CPU
		{4DD1E9DE-B95A-430D-B110-664437D4DBEB}.Release|Any CPU.Build.0 = Release|Any CPU
		{1871E8C2-D9E4-4362-B5FC-032850C5D26F}.Debug|Any CPU.ActiveCfg = Debug|Any CPU
		{1871E8C2-D9E4-4362-B5FC-032850C5D26F}.Debug|Any CPU.Build.0 = Debug|Any CPU
		{1871E8C2-D9E4-4362-B5FC-032850C5D26F}.Release|Any CPU.ActiveCfg = Release|Any CPU
		{1871E8C2-D9E4-4362-B5FC-032850C5D26F}.Release|Any CPU.Build.0 = Release|Any CPU
		{0426CEF3-D023-496E-BA86-DEA2D66E80A9}.Debug|Any CPU.ActiveCfg = Debug|Any CPU
		{0426CEF3-D023-496E-BA86-DEA2D66E80A9}.Debug|Any CPU.Build.0 = Debug|Any CPU
		{0426CEF3-D023-496E-BA86-DEA2D66E80A9}.Release|Any CPU.ActiveCfg = Release|Any CPU
		{0426CEF3-D023-496E-BA86-DEA2D66E80A9}.Release|Any CPU.Build.0 = Release|Any CPU
		{33172528-5BFB-4146-BD24-0C5272707588}.Debug|Any CPU.ActiveCfg = Debug|Any CPU
		{33172528-5BFB-4146-BD24-0C5272707588}.Debug|Any CPU.Build.0 = Debug|Any CPU
		{33172528-5BFB-4146-BD24-0C5272707588}.Release|Any CPU.ActiveCfg = Release|Any CPU
		{33172528-5BFB-4146-BD24-0C5272707588}.Release|Any CPU.Build.0 = Release|Any CPU
		{F7839900-22CD-4488-A5B9-93DAC79500D7}.Debug|Any CPU.ActiveCfg = Debug|Any CPU
		{F7839900-22CD-4488-A5B9-93DAC79500D7}.Debug|Any CPU.Build.0 = Debug|Any CPU
		{F7839900-22CD-4488-A5B9-93DAC79500D7}.Release|Any CPU.ActiveCfg = Release|Any CPU
		{F7839900-22CD-4488-A5B9-93DAC79500D7}.Release|Any CPU.Build.0 = Release|Any CPU
		{19C96953-5228-4774-9352-6EDFEEFF1B06}.Debug|Any CPU.ActiveCfg = Debug|Any CPU
		{19C96953-5228-4774-9352-6EDFEEFF1B06}.Debug|Any CPU.Build.0 = Debug|Any CPU
		{19C96953-5228-4774-9352-6EDFEEFF1B06}.Release|Any CPU.ActiveCfg = Release|Any CPU
		{19C96953-5228-4774-9352-6EDFEEFF1B06}.Release|Any CPU.Build.0 = Release|Any CPU
		{AF92F977-DB48-4994-BC44-B164B96CC428}.Debug|Any CPU.ActiveCfg = Debug|Any CPU
		{AF92F977-DB48-4994-BC44-B164B96CC428}.Debug|Any CPU.Build.0 = Debug|Any CPU
		{AF92F977-DB48-4994-BC44-B164B96CC428}.Release|Any CPU.ActiveCfg = Release|Any CPU
		{AF92F977-DB48-4994-BC44-B164B96CC428}.Release|Any CPU.Build.0 = Release|Any CPU
		{0AF9DB2C-C3A9-447E-8854-BA42793E03FF}.Debug|Any CPU.ActiveCfg = Debug|Any CPU
		{0AF9DB2C-C3A9-447E-8854-BA42793E03FF}.Debug|Any CPU.Build.0 = Debug|Any CPU
		{0AF9DB2C-C3A9-447E-8854-BA42793E03FF}.Release|Any CPU.ActiveCfg = Release|Any CPU
		{0AF9DB2C-C3A9-447E-8854-BA42793E03FF}.Release|Any CPU.Build.0 = Release|Any CPU
	EndGlobalSection
	GlobalSection(SolutionProperties) = preSolution
		HideSolutionNode = FALSE
	EndGlobalSection
	GlobalSection(NestedProjects) = preSolution
		{0E922562-6954-46B8-B7D6-381BF8166CF0} = {280855D9-5B91-40FF-939E-6B5E35C108A0}
		{DA027DE7-501B-4CE2-8C11-3EB039870100} = {280855D9-5B91-40FF-939E-6B5E35C108A0}
		{6D57DD63-1C50-4A28-8204-61B97AAA0DF8} = {280855D9-5B91-40FF-939E-6B5E35C108A0}
		{9104F663-BE84-4D05-A35E-3C5AFEB400BA} = {5E32950F-2B99-40F1-B474-BB5109259BB6}
		{CC5E7EB1-2C43-4FA6-9C29-C0BDC07F761D} = {5E32950F-2B99-40F1-B474-BB5109259BB6}
		{13D4ED4C-9C96-4136-B1E6-164C120E9F86} = {5E32950F-2B99-40F1-B474-BB5109259BB6}
		{0E00C233-944D-4FE9-8604-EFFD52E47C37} = {FEBD9AA1-BD2A-4895-93A3-1A3F8FD87D6E}
		{4B5E3DA6-D743-4476-A804-39F2E0904C00} = {FEBD9AA1-BD2A-4895-93A3-1A3F8FD87D6E}
		{BDAF1679-0A1B-4477-A192-9C9E1368C357} = {FEBD9AA1-BD2A-4895-93A3-1A3F8FD87D6E}
		{EEBD952E-7196-46FD-88A3-55334C12E7D8} = {A46F8C67-EA3D-4AD6-9F2F-897AA07D6407}
		{F4087E73-B054-489A-9BC7-222574EF01FC} = {A46F8C67-EA3D-4AD6-9F2F-897AA07D6407}
		{AF986F8F-6187-46C4-8203-604FC522033D} = {A46F8C67-EA3D-4AD6-9F2F-897AA07D6407}
		{E8E12B83-D55B-4C69-A665-9A4F2B30B323} = {1AF56EA5-51CA-4C69-9035-049547B3C98F}
		{F60088C8-050C-4909-8D89-CB48C312CDE8} = {1AF56EA5-51CA-4C69-9035-049547B3C98F}
		{4132ACD2-5262-4249-9C5B-C681BE227D7D} = {1AF56EA5-51CA-4C69-9035-049547B3C98F}
		{8E2427DD-4D56-438A-868E-131A526DACF5} = {0C578812-006A-4957-8910-396094F2361A}
		{4DD1E9DE-B95A-430D-B110-664437D4DBEB} = {0C578812-006A-4957-8910-396094F2361A}
		{1871E8C2-D9E4-4362-B5FC-032850C5D26F} = {0C578812-006A-4957-8910-396094F2361A}
		{0426CEF3-D023-496E-BA86-DEA2D66E80A9} = {DA10FCDC-54A6-468B-AB8C-F0B688BEE0B0}
		{33172528-5BFB-4146-BD24-0C5272707588} = {DA10FCDC-54A6-468B-AB8C-F0B688BEE0B0}
		{F7839900-22CD-4488-A5B9-93DAC79500D7} = {DA10FCDC-54A6-468B-AB8C-F0B688BEE0B0}
		{19C96953-5228-4774-9352-6EDFEEFF1B06} = {724971A3-0DED-4DA5-B654-7E088E2863D8}
		{AF92F977-DB48-4994-BC44-B164B96CC428} = {724971A3-0DED-4DA5-B654-7E088E2863D8}
		{0AF9DB2C-C3A9-447E-8854-BA42793E03FF} = {724971A3-0DED-4DA5-B654-7E088E2863D8}
	EndGlobalSection
	GlobalSection(ExtensibilityGlobals) = postSolution
		SolutionGuid = {DB67FE91-B137-40C9-AF8B-F2DA77860B2D}
	EndGlobalSection
EndGlobal
